
Microsoft Visual Studio Solution File, Format Version 12.00
# Visual Studio Version 16
VisualStudioVersion = 16.0.29230.47
MinimumVisualStudioVersion = 10.0.40219.1
Project("{FAE04EC0-301F-11D3-BF4B-00C04F79EFBC}") = "ConsoleApp4", "ConsoleApp4\ConsoleApp4.csproj", "{214CE23C-1789-47C0-A9D2-F1DF89031875}"
EndProject
Global
	GlobalSection(SolutionConfigurationPlatforms) = preSolution
		Debug|Any CPU = Debug|Any CPU
		Release|Any CPU = Release|Any CPU
	EndGlobalSection
	GlobalSection(ProjectConfigurationPlatforms) = postSolution
		{214CE23C-1789-47C0-A9D2-F1DF89031875}.Debug|Any CPU.ActiveCfg = Debug|Any CPU
		{214CE23C-1789-47C0-A9D2-F1DF89031875}.Debug|Any CPU.Build.0 = Debug|Any CPU
		{214CE23C-1789-47C0-A9D2-F1DF89031875}.Release|Any CPU.ActiveCfg = Release|Any CPU
		{214CE23C-1789-47C0-A9D2-F1DF89031875}.Release|Any CPU.Build.0 = Release|Any CPU
	EndGlobalSection
	GlobalSection(SolutionProperties) = preSolution
		HideSolutionNode = FALSE
	EndGlobalSection
	GlobalSection(ExtensibilityGlobals) = postSolution
		SolutionGuid = {00E82C5C-6CC8-485C-842C-E1956DF4F354}
	EndGlobalSection
EndGlobal
